
Microsoft Visual Studio Solution File, Format Version 12.00
# Visual Studio Version 17
VisualStudioVersion = 17.14.36414.22 d17.14
MinimumVisualStudioVersion = 10.0.40219.1
Project("{FAE04EC0-301F-11D3-BF4B-00C04F79EFBC}") = "BlogDataLibrary", "BlogDataLibrary\BlogDataLibrary.csproj", "{4F7809FB-8139-4119-BF9F-473D1B71158D}"
EndProject
Project("{00D1A9C2-B5F0-4AF3-8072-F6C62B433612}") = "BonayaoBlogDB", "BonayaoBlogDB\BonayaoBlogDB.sqlproj", "{44E6F64B-6033-4F1D-B582-07933B7CD64C}"
EndProject
Project("{FAE04EC0-301F-11D3-BF4B-00C04F79EFBC}") = "BlogTestUI", "BlogTestUI\BlogTestUI.csproj", "{00667F0D-5376-4104-8713-CB82392D8D00}"
EndProject
Global
	GlobalSection(SolutionConfigurationPlatforms) = preSolution
		Debug|Any CPU = Debug|Any CPU
		Release|Any CPU = Release|Any CPU
	EndGlobalSection
	GlobalSection(ProjectConfigurationPlatforms) = postSolution
		{4F7809FB-8139-4119-BF9F-473D1B71158D}.Debug|Any CPU.ActiveCfg = Debug|Any CPU
		{4F7809FB-8139-4119-BF9F-473D1B71158D}.Debug|Any CPU.Build.0 = Debug|Any CPU
		{4F7809FB-8139-4119-BF9F-473D1B71158D}.Release|Any CPU.ActiveCfg = Release|Any CPU
		{4F7809FB-8139-4119-BF9F-473D1B71158D}.Release|Any CPU.Build.0 = Release|Any CPU
		{44E6F64B-6033-4F1D-B582-07933B7CD64C}.Debug|Any CPU.ActiveCfg = Debug|Any CPU
		{44E6F64B-6033-4F1D-B582-07933B7CD64C}.Debug|Any CPU.Build.0 = Debug|Any CPU
		{44E6F64B-6033-4F1D-B582-07933B7CD64C}.Debug|Any CPU.Deploy.0 = Debug|Any CPU
		{44E6F64B-6033-4F1D-B582-07933B7CD64C}.Release|Any CPU.ActiveCfg = Release|Any CPU
		{44E6F64B-6033-4F1D-B582-07933B7CD64C}.Release|Any CPU.Build.0 = Release|Any CPU
		{44E6F64B-6033-4F1D-B582-07933B7CD64C}.Release|Any CPU.Deploy.0 = Release|Any CPU
		{00667F0D-5376-4104-8713-CB82392D8D00}.Debug|Any CPU.ActiveCfg = Debug|Any CPU
		{00667F0D-5376-4104-8713-CB82392D8D00}.Debug|Any CPU.Build.0 = Debug|Any CPU
		{00667F0D-5376-4104-8713-CB82392D8D00}.Release|Any CPU.ActiveCfg = Release|Any CPU
		{00667F0D-5376-4104-8713-CB82392D8D00}.Release|Any CPU.Build.0 = Release|Any CPU
	EndGlobalSection
	GlobalSection(SolutionProperties) = preSolution
		HideSolutionNode = FALSE
	EndGlobalSection
	GlobalSection(ExtensibilityGlobals) = postSolution
		SolutionGuid = {ABC2EA04-432A-4F5F-AAEE-14DAAA0DD6B2}
	EndGlobalSection
EndGlobal
